
Microsoft Visual Studio Solution File, Format Version 12.00
# Visual Studio 15
VisualStudioVersion = 15.0.28307.136
MinimumVisualStudioVersion = 10.0.40219.1
Project("{FAE04EC0-301F-11D3-BF4B-00C04F79EFBC}") = "aoc13", "aoc13\aoc13.csproj", "{A1C1EB05-9FAE-4884-84B8-912954EF43D9}"
EndProject
Global
	GlobalSection(SolutionConfigurationPlatforms) = preSolution
		Debug|Any CPU = Debug|Any CPU
		Release|Any CPU = Release|Any CPU
	EndGlobalSection
	GlobalSection(ProjectConfigurationPlatforms) = postSolution
		{A1C1EB05-9FAE-4884-84B8-912954EF43D9}.Debug|Any CPU.ActiveCfg = Debug|Any CPU
		{A1C1EB05-9FAE-4884-84B8-912954EF43D9}.Debug|Any CPU.Build.0 = Debug|Any CPU
		{A1C1EB05-9FAE-4884-84B8-912954EF43D9}.Release|Any CPU.ActiveCfg = Release|Any CPU
		{A1C1EB05-9FAE-4884-84B8-912954EF43D9}.Release|Any CPU.Build.0 = Release|Any CPU
	EndGlobalSection
	GlobalSection(SolutionProperties) = preSolution
		HideSolutionNode = FALSE
	EndGlobalSection
	GlobalSection(ExtensibilityGlobals) = postSolution
		SolutionGuid = {B989053C-1E48-49D8-88DA-7D46627C8E4D}
	EndGlobalSection
EndGlobal
