
Microsoft Visual Studio Solution File, Format Version 12.00
# Visual Studio 15
VisualStudioVersion = 15.0.28307.136
MinimumVisualStudioVersion = 10.0.40219.1
Project("{FAE04EC0-301F-11D3-BF4B-00C04F79EFBC}") = "ConsoleApp1", "ConsoleApp1\ConsoleApp1.csproj", "{8CAE98E9-D23C-4062-9C74-636AC7081C82}"
EndProject
Global
	GlobalSection(SolutionConfigurationPlatforms) = preSolution
		Debug|Any CPU = Debug|Any CPU
		Release|Any CPU = Release|Any CPU
	EndGlobalSection
	GlobalSection(ProjectConfigurationPlatforms) = postSolution
		{8CAE98E9-D23C-4062-9C74-636AC7081C82}.Debug|Any CPU.ActiveCfg = Debug|Any CPU
		{8CAE98E9-D23C-4062-9C74-636AC7081C82}.Debug|Any CPU.Build.0 = Debug|Any CPU
		{8CAE98E9-D23C-4062-9C74-636AC7081C82}.Release|Any CPU.ActiveCfg = Release|Any CPU
		{8CAE98E9-D23C-4062-9C74-636AC7081C82}.Release|Any CPU.Build.0 = Release|Any CPU
	EndGlobalSection
	GlobalSection(SolutionProperties) = preSolution
		HideSolutionNode = FALSE
	EndGlobalSection
	GlobalSection(ExtensibilityGlobals) = postSolution
		SolutionGuid = {C895882D-F829-4290-ADA2-D62356E6D86B}
	EndGlobalSection
EndGlobal
