
Microsoft Visual Studio Solution File, Format Version 12.00
# Visual Studio 15
VisualStudioVersion = 15.0.28307.136
MinimumVisualStudioVersion = 10.0.40219.1
Project("{FAE04EC0-301F-11D3-BF4B-00C04F79EFBC}") = "aoc5", "aoc5\aoc5.csproj", "{34259C4A-8C28-4E50-BCB7-5E0013DD431D}"
EndProject
Global
	GlobalSection(SolutionConfigurationPlatforms) = preSolution
		Debug|Any CPU = Debug|Any CPU
		Release|Any CPU = Release|Any CPU
	EndGlobalSection
	GlobalSection(ProjectConfigurationPlatforms) = postSolution
		{34259C4A-8C28-4E50-BCB7-5E0013DD431D}.Debug|Any CPU.ActiveCfg = Debug|Any CPU
		{34259C4A-8C28-4E50-BCB7-5E0013DD431D}.Debug|Any CPU.Build.0 = Debug|Any CPU
		{34259C4A-8C28-4E50-BCB7-5E0013DD431D}.Release|Any CPU.ActiveCfg = Release|Any CPU
		{34259C4A-8C28-4E50-BCB7-5E0013DD431D}.Release|Any CPU.Build.0 = Release|Any CPU
	EndGlobalSection
	GlobalSection(SolutionProperties) = preSolution
		HideSolutionNode = FALSE
	EndGlobalSection
	GlobalSection(ExtensibilityGlobals) = postSolution
		SolutionGuid = {8557C725-2352-484D-A5B0-0C0E84B076D8}
	EndGlobalSection
EndGlobal
